
Microsoft Visual Studio Solution File, Format Version 12.00
# Visual Studio Version 16
VisualStudioVersion = 16.0.32002.261
MinimumVisualStudioVersion = 10.0.40219.1
Project("{FAE04EC0-301F-11D3-BF4B-00C04F79EFBC}") = "c-sharp-odev-string-methods", "c-sharp-odev-string-methods.csproj", "{ECD2F9DF-2075-4C50-9B52-D595027835A6}"
EndProject
Global
	GlobalSection(SolutionConfigurationPlatforms) = preSolution
		Debug|Any CPU = Debug|Any CPU
		Release|Any CPU = Release|Any CPU
	EndGlobalSection
	GlobalSection(ProjectConfigurationPlatforms) = postSolution
		{ECD2F9DF-2075-4C50-9B52-D595027835A6}.Debug|Any CPU.ActiveCfg = Debug|Any CPU
		{ECD2F9DF-2075-4C50-9B52-D595027835A6}.Debug|Any CPU.Build.0 = Debug|Any CPU
		{ECD2F9DF-2075-4C50-9B52-D595027835A6}.Release|Any CPU.ActiveCfg = Release|Any CPU
		{ECD2F9DF-2075-4C50-9B52-D595027835A6}.Release|Any CPU.Build.0 = Release|Any CPU
	EndGlobalSection
	GlobalSection(SolutionProperties) = preSolution
		HideSolutionNode = FALSE
	EndGlobalSection
	GlobalSection(ExtensibilityGlobals) = postSolution
		SolutionGuid = {18110409-9760-4915-9B5F-A9306A7067F3}
	EndGlobalSection
EndGlobal
